// !$*UTF8*$!
{
	archiveVersion = 1;
	classes = {
	};
	objectVersion = 46;
	objects = {

/* Begin PBXBuildFile section */
		728FB5021C5F0422001978B6 /* AppDelegate.swift in Sources */ = {isa = PBXBuildFile; fileRef = 728FB5011C5F0422001978B6 /* AppDelegate.swift */; };
		728FB5041C5F0422001978B6 /* ViewController.swift in Sources */ = {isa = PBXBuildFile; fileRef = 728FB5031C5F0422001978B6 /* ViewController.swift */; };
		728FB5071C5F0422001978B6 /* Main.storyboard in Resources */ = {isa = PBXBuildFile; fileRef = 728FB5051C5F0422001978B6 /* Main.storyboard */; };
		728FB5091C5F0422001978B6 /* Assets.xcassets in Resources */ = {isa = PBXBuildFile; fileRef = 728FB5081C5F0422001978B6 /* Assets.xcassets */; };
		728FB50C1C5F0422001978B6 /* LaunchScreen.storyboard in Resources */ = {isa = PBXBuildFile; fileRef = 728FB50A1C5F0422001978B6 /* LaunchScreen.storyboard */; };
		728FB5171C5F0422001978B6 /* Github_Test_Coursera_01Tests.swift in Sources */ = {isa = PBXBuildFile; fileRef = 728FB5161C5F0422001978B6 /* Github_Test_Coursera_01Tests.swift */; };
		728FB5221C5F0422001978B6 /* Github_Test_Coursera_01UITests.swift in Sources */ = {isa = PBXBuildFile; fileRef = 728FB5211C5F0422001978B6 /* Github_Test_Coursera_01UITests.swift */; };
/* End PBXBuildFile section */

/* Begin PBXContainerItemProxy section */
		728FB5131C5F0422001978B6 /* PBXContainerItemProxy */ = {
			isa = PBXContainerItemProxy;
			containerPortal = 728FB4F61C5F0422001978B6 /* Project object */;
			proxyType = 1;
			remoteGlobalIDString = 728FB4FD1C5F0422001978B6;
			remoteInfo = "Github Test Coursera 01";
		};
		728FB51E1C5F0422001978B6 /* PBXContainerItemProxy */ = {
			isa = PBXContainerItemProxy;
			containerPortal = 728FB4F61C5F0422001978B6 /* Project object */;
			proxyType = 1;
			remoteGlobalIDString = 728FB4FD1C5F0422001978B6;
			remoteInfo = "Github Test Coursera 01";
		};
/* End PBXContainerItemProxy section */

/* Begin PBXFileReference section */
		728FB4FE1C5F0422001978B6 /* Github Test Coursera 01.app */ = {isa = PBXFileReference; explicitFileType = wrapper.application; includeInIndex = 0; path = "Github Test Coursera 01.app"; sourceTree = BUILT_PRODUCTS_DIR; };
		728FB5011C5F0422001978B6 /* AppDelegate.swift */ = {isa = PBXFileReference; lastKnownFileType = sourcecode.swift; path = AppDelegate.swift; sourceTree = "<group>"; };
		728FB5031C5F0422001978B6 /* ViewController.swift */ = {isa = PBXFileReference; lastKnownFileType = sourcecode.swift; path = ViewController.swift; sourceTree = "<group>"; };
		728FB5061C5F0422001978B6 /* Base */ = {isa = PBXFileReference; lastKnownFileType = file.storyboard; name = Base; path = Base.lproj/Main.storyboard; sourceTree = "<group>"; };
		728FB5081C5F0422001978B6 /* Assets.xcassets */ = {isa = PBXFileReference; lastKnownFileType = folder.assetcatalog; path = Assets.xcassets; sourceTree = "<group>"; };
		728FB50B1C5F0422001978B6 /* Base */ = {isa = PBXFileReference; lastKnownFileType = file.storyboard; name = Base; path = Base.lproj/LaunchScreen.storyboard; sourceTree = "<group>"; };
		728FB50D1C5F0422001978B6 /* Info.plist */ = {isa = PBXFileReference; lastKnownFileType = text.plist.xml; path = Info.plist; sourceTree = "<group>"; };
		728FB5121C5F0422001978B6 /* Github Test Coursera 01Tests.xctest */ = {isa = PBXFileReference; explicitFileType = wrapper.cfbundle; includeInIndex = 0; path = "Github Test Coursera 01Tests.xctest"; sourceTree = BUILT_PRODUCTS_DIR; };
		728FB5161C5F0422001978B6 /* Github_Test_Coursera_01Tests.swift */ = {isa = PBXFileReference; lastKnownFileType = sourcecode.swift; path = Github_Test_Coursera_01Tests.swift; sourceTree = "<group>"; };
		728FB5181C5F0422001978B6 /* Info.plist */ = {isa = PBXFileReference; lastKnownFileType = text.plist.xml; path = Info.plist; sourceTree = "<group>"; };
		728FB51D1C5F0422001978B6 /* Github Test Coursera 01UITests.xctest */ = {isa = PBXFileReference; explicitFileType = wrapper.cfbundle; includeInIndex = 0; path = "Github Test Coursera 01UITests.xctest"; sourceTree = BUILT_PRODUCTS_DIR; };
		728FB5211C5F0422001978B6 /* Github_Test_Coursera_01UITests.swift */ = {isa = PBXFileReference; lastKnownFileType = sourcecode.swift; path = Github_Test_Coursera_01UITests.swift; sourceTree = "<group>"; };
		728FB5231C5F0422001978B6 /* Info.plist */ = {isa = PBXFileReference; lastKnownFileType = text.plist.xml; path = Info.plist; sourceTree = "<group>"; };
/* End PBXFileReference section */

/* Begin PBXFrameworksBuildPhase section */
		728FB4FB1C5F0422001978B6 /* Frameworks */ = {
			isa = PBXFrameworksBuildPhase;
			buildActionMask = 2147483647;
			files = (
			);
			runOnlyForDeploymentPostprocessing = 0;
		};
		728FB50F1C5F0422001978B6 /* Frameworks */ = {
			isa = PBXFrameworksBuildPhase;
			buildActionMask = 2147483647;
			files = (
			);
			runOnlyForDeploymentPostprocessing = 0;
		};
		728FB51A1C5F0422001978B6 /* Frameworks */ = {
			isa = PBXFrameworksBuildPhase;
			buildActionMask = 2147483647;
			files = (
			);
			runOnlyForDeploymentPostprocessing = 0;
		};
/* End PBXFrameworksBuildPhase section */

/* Begin PBXGroup section */
		728FB4F51C5F0422001978B6 = {
			isa = PBXGroup;
			children = (
				728FB5001C5F0422001978B6 /* Github Test Coursera 01 */,
				728FB5151C5F0422001978B6 /* Github Test Coursera 01Tests */,
				728FB5201C5F0422001978B6 /* Github Test Coursera 01UITests */,
				728FB4FF1C5F0422001978B6 /* Products */,
			);
			sourceTree = "<group>";
		};
		728FB4FF1C5F0422001978B6 /* Products */ = {
			isa = PBXGroup;
			children = (
				728FB4FE1C5F0422001978B6 /* Github Test Coursera 01.app */,
				728FB5121C5F0422001978B6 /* Github Test Coursera 01Tests.xctest */,
				728FB51D1C5F0422001978B6 /* Github Test Coursera 01UITests.xctest */,
			);
			name = Products;
			sourceTree = "<group>";
		};
		728FB5001C5F0422001978B6 /* Github Test Coursera 01 */ = {
			isa = PBXGroup;
			children = (
				728FB5011C5F0422001978B6 /* AppDelegate.swift */,
				728FB5031C5F0422001978B6 /* ViewController.swift */,
				728FB5051C5F0422001978B6 /* Main.storyboard */,
				728FB5081C5F0422001978B6 /* Assets.xcassets */,
				728FB50A1C5F0422001978B6 /* LaunchScreen.storyboard */,
				728FB50D1C5F0422001978B6 /* Info.plist */,
			);
			path = "Github Test Coursera 01";
			sourceTree = "<group>";
		};
		728FB5151C5F0422001978B6 /* Github Test Coursera 01Tests */ = {
			isa = PBXGroup;
			children = (
				728FB5161C5F0422001978B6 /* Github_Test_Coursera_01Tests.swift */,
				728FB5181C5F0422001978B6 /* Info.plist */,
			);
			path = "Github Test Coursera 01Tests";
			sourceTree = "<group>";
		};
		728FB5201C5F0422001978B6 /* Github Test Coursera 01UITests */ = {
			isa = PBXGroup;
			children = (
				728FB5211C5F0422001978B6 /* Github_Test_Coursera_01UITests.swift */,
				728FB5231C5F0422001978B6 /* Info.plist */,
			);
			path = "Github Test Coursera 01UITests";
			sourceTree = "<group>";
		};
/* End PBXGroup section */

/* Begin PBXNativeTarget section */
		728FB4FD1C5F0422001978B6 /* Github Test Coursera 01 */ = {
			isa = PBXNativeTarget;
			buildConfigurationList = 728FB5261C5F0422001978B6 /* Build configuration list for PBXNativeTarget "Github Test Coursera 01" */;
			buildPhases = (
				728FB4FA1C5F0422001978B6 /* Sources */,
				728FB4FB1C5F0422001978B6 /* Frameworks */,
				728FB4FC1C5F0422001978B6 /* Resources */,
			);
			buildRules = (
			);
			dependencies = (
			);
			name = "Github Test Coursera 01";
			productName = "Github Test Coursera 01";
			productReference = 728FB4FE1C5F0422001978B6 /* Github Test Coursera 01.app */;
			productType = "com.apple.product-type.application";
		};
		728FB5111C5F0422001978B6 /* Github Test Coursera 01Tests */ = {
			isa = PBXNativeTarget;
			buildConfigurationList = 728FB5291C5F0422001978B6 /* Build configuration list for PBXNativeTarget "Github Test Coursera 01Tests" */;
			buildPhases = (
				728FB50E1C5F0422001978B6 /* Sources */,
				728FB50F1C5F0422001978B6 /* Frameworks */,
				728FB5101C5F0422001978B6 /* Resources */,
			);
			buildRules = (
			);
			dependencies = (
				728FB5141C5F0422001978B6 /* PBXTargetDependency */,
			);
			name = "Github Test Coursera 01Tests";
			productName = "Github Test Coursera 01Tests";
			productReference = 728FB5121C5F0422001978B6 /* Github Test Coursera 01Tests.xctest */;
			productType = "com.apple.product-type.bundle.unit-test";
		};
		728FB51C1C5F0422001978B6 /* Github Test Coursera 01UITests */ = {
			isa = PBXNativeTarget;
			buildConfigurationList = 728FB52C1C5F0422001978B6 /* Build configuration list for PBXNativeTarget "Github Test Coursera 01UITests" */;
			buildPhases = (
				728FB5191C5F0422001978B6 /* Sources */,
				728FB51A1C5F0422001978B6 /* Frameworks */,
				728FB51B1C5F0422001978B6 /* Resources */,
			);
			buildRules = (
			);
			dependencies = (
				728FB51F1C5F0422001978B6 /* PBXTargetDependency */,
			);
			name = "Github Test Coursera 01UITests";
			productName = "Github Test Coursera 01UITests";
			productReference = 728FB51D1C5F0422001978B6 /* Github Test Coursera 01UITests.xctest */;
			productType = "com.apple.product-type.bundle.ui-testing";
		};
/* End PBXNativeTarget section */

/* Begin PBXProject section */
		728FB4F61C5F0422001978B6 /* Project object */ = {
			isa = PBXProject;
			attributes = {
				LastSwiftUpdateCheck = 0720;
				LastUpgradeCheck = 0720;
				ORGANIZATIONNAME = "Felipe Prieto";
				TargetAttributes = {
					728FB4FD1C5F0422001978B6 = {
						CreatedOnToolsVersion = 7.2;
						DevelopmentTeam = RBRK39S5BX;
					};
					728FB5111C5F0422001978B6 = {
						CreatedOnToolsVersion = 7.2;
						TestTargetID = 728FB4FD1C5F0422001978B6;
					};
					728FB51C1C5F0422001978B6 = {
						CreatedOnToolsVersion = 7.2;
						TestTargetID = 728FB4FD1C5F0422001978B6;
					};
				};
			};
			buildConfigurationList = 728FB4F91C5F0422001978B6 /* Build configuration list for PBXProject "Github Test Coursera 01" */;
			compatibilityVersion = "Xcode 3.2";
			developmentRegion = English;
			hasScannedForEncodings = 0;
			knownRegions = (
				en,
				Base,
			);
			mainGroup = 728FB4F51C5F0422001978B6;
			productRefGroup = 728FB4FF1C5F0422001978B6 /* Products */;
			projectDirPath = "";
			projectRoot = "";
			targets = (
				728FB4FD1C5F0422001978B6 /* Github Test Coursera 01 */,
				728FB5111C5F0422001978B6 /* Github Test Coursera 01Tests */,
				728FB51C1C5F0422001978B6 /* Github Test Coursera 01UITests */,
			);
		};
/* End PBXProject section */

/* Begin PBXResourcesBuildPhase section */
		728FB4FC1C5F0422001978B6 /* Resources */ = {
			isa = PBXResourcesBuildPhase;
			buildActionMask = 2147483647;
			files = (
				728FB50C1C5F0422001978B6 /* LaunchScreen.storyboard in Resources */,
				728FB5091C5F0422001978B6 /* Assets.xcassets in Resources */,
				728FB5071C5F0422001978B6 /* Main.storyboard in Resources */,
			);
			runOnlyForDeploymentPostprocessing = 0;
		};
		728FB5101C5F0422001978B6 /* Resources */ = {
			isa = PBXResourcesBuildPhase;
			buildActionMask = 2147483647;
			files = (
			);
			runOnlyForDeploymentPostprocessing = 0;
		};
		728FB51B1C5F0422001978B6 /* Resources */ = {
			isa = PBXResourcesBuildPhase;
			buildActionMask = 2147483647;
			files = (
			);
			runOnlyForDeploymentPostprocessing = 0;
		};
/* End PBXResourcesBuildPhase section */

/* Begin PBXSourcesBuildPhase section */
		728FB4FA1C5F0422001978B6 /* Sources */ = {
			isa = PBXSourcesBuildPhase;
			buildActionMask = 2147483647;
			files = (
				728FB5041C5F0422001978B6 /* ViewController.swift in Sources */,
				728FB5021C5F0422001978B6 /* AppDelegate.swift in Sources */,
			);
			runOnlyForDeploymentPostprocessing = 0;
		};
		728FB50E1C5F0422001978B6 /* Sources */ = {
			isa = PBXSourcesBuildPhase;
			buildActionMask = 2147483647;
			files = (
				728FB5171C5F0422001978B6 /* Github_Test_Coursera_01Tests.swift in Sources */,
			);
			runOnlyForDeploymentPostprocessing = 0;
		};
		728FB5191C5F0422001978B6 /* Sources */ = {
			isa = PBXSourcesBuildPhase;
			buildActionMask = 2147483647;
			files = (
				728FB5221C5F0422001978B6 /* Github_Test_Coursera_01UITests.swift in Sources */,
			);
			runOnlyForDeploymentPostprocessing = 0;
		};
/* End PBXSourcesBuildPhase section */

/* Begin PBXTargetDependency section */
		728FB5141C5F0422001978B6 /* PBXTargetDependency */ = {
			isa = PBXTargetDependency;
			target = 728FB4FD1C5F0422001978B6 /* Github Test Coursera 01 */;
			targetProxy = 728FB5131C5F0422001978B6 /* PBXContainerItemProxy */;
		};
		728FB51F1C5F0422001978B6 /* PBXTargetDependency */ = {
			isa = PBXTargetDependency;
			target = 728FB4FD1C5F0422001978B6 /* Github Test Coursera 01 */;
			targetProxy = 728FB51E1C5F0422001978B6 /* PBXContainerItemProxy */;
		};
/* End PBXTargetDependency section */

/* Begin PBXVariantGroup section */
		728FB5051C5F0422001978B6 /* Main.storyboard */ = {
			isa = PBXVariantGroup;
			children = (
				728FB5061C5F0422001978B6 /* Base */,
			);
			name = Main.storyboard;
			sourceTree = "<group>";
		};
		728FB50A1C5F0422001978B6 /* LaunchScreen.storyboard */ = {
			isa = PBXVariantGroup;
			children = (
				728FB50B1C5F0422001978B6 /* Base */,
			);
			name = LaunchScreen.storyboard;
			sourceTree = "<group>";
		};
/* End PBXVariantGroup section */

/* Begin XCBuildConfiguration section */
		728FB5241C5F0422001978B6 /* Debug */ = {
			isa = XCBuildConfiguration;
			buildSettings = {
				ALWAYS_SEARCH_USER_PATHS = NO;
				CLANG_CXX_LANGUAGE_STANDARD = "gnu++0x";
				CLANG_CXX_LIBRARY = "libc++";
				CLANG_ENABLE_MODULES = YES;
				CLANG_ENABLE_OBJC_ARC = YES;
				CLANG_WARN_BOOL_CONVERSION = YES;
				CLANG_WARN_CONSTANT_CONVERSION = YES;
				CLANG_WARN_DIRECT_OBJC_ISA_USAGE = YES_ERROR;
				CLANG_WARN_EMPTY_BODY = YES;
				CLANG_WARN_ENUM_CONVERSION = YES;
				CLANG_WARN_INT_CONVERSION = YES;
				CLANG_WARN_OBJC_ROOT_CLASS = YES_ERROR;
				CLANG_WARN_UNREACHABLE_CODE = YES;
				CLANG_WARN__DUPLICATE_METHOD_MATCH = YES;
				"CODE_SIGN_IDENTITY[sdk=iphoneos*]" = "iPhone Developer";
				COPY_PHASE_STRIP = NO;
				DEBUG_INFORMATION_FORMAT = dwarf;
				ENABLE_STRICT_OBJC_MSGSEND = YES;
				ENABLE_TESTABILITY = YES;
				GCC_C_LANGUAGE_STANDARD = gnu99;
				GCC_DYNAMIC_NO_PIC = NO;
				GCC_NO_COMMON_BLOCKS = YES;
				GCC_OPTIMIZATION_LEVEL = 0;
				GCC_PREPROCESSOR_DEFINITIONS = (
					"DEBUG=1",
					"$(inherited)",
				);
				GCC_WARN_64_TO_32_BIT_CONVERSION = YES;
				GCC_WARN_ABOUT_RETURN_TYPE = YES_ERROR;
				GCC_WARN_UNDECLARED_SELECTOR = YES;
				GCC_WARN_UNINITIALIZED_AUTOS = YES_AGGRESSIVE;
				GCC_WARN_UNUSED_FUNCTION = YES;
				GCC_WARN_UNUSED_VARIABLE = YES;
				IPHONEOS_DEPLOYMENT_TARGET = 9.2;
				MTL_ENABLE_DEBUG_INFO = YES;
				ONLY_ACTIVE_ARCH = YES;
				SDKROOT = iphoneos;
				SWIFT_OPTIMIZATION_LEVEL = "-Onone";
			};
			name = Debug;
		};
		728FB5251C5F0422001978B6 /* Release */ = {
			isa = XCBuildConfiguration;
			buildSettings = {
				ALWAYS_SEARCH_USER_PATHS = NO;
				CLANG_CXX_LANGUAGE_STANDARD = "gnu++0x";
				CLANG_CXX_LIBRARY = "libc++";
				CLANG_ENABLE_MODULES = YES;
				CLANG_ENABLE_OBJC_ARC = YES;
				CLANG_WARN_BOOL_CONVERSION = YES;
				CLANG_WARN_CONSTANT_CONVERSION = YES;
				CLANG_WARN_DIRECT_OBJC_ISA_USAGE = YES_ERROR;
				CLANG_WARN_EMPTY_BODY = YES;
				CLANG_WARN_ENUM_CONVERSION = YES;
				CLANG_WARN_INT_CONVERSION = YES;
				CLANG_WARN_OBJC_ROOT_CLASS = YES_ERROR;
				CLANG_WARN_UNREACHABLE_CODE = YES;
				CLANG_WARN__DUPLICATE_METHOD_MATCH = YES;
				"CODE_SIGN_IDENTITY[sdk=iphoneos*]" = "iPhone Developer";
				COPY_PHASE_STRIP = NO;
				DEBUG_INFORMATION_FORMAT = "dwarf-with-dsym";
				ENABLE_NS_ASSERTIONS = NO;
				ENABLE_STRICT_OBJC_MSGSEND = YES;
				GCC_C_LANGUAGE_STANDARD = gnu99;
				GCC_NO_COMMON_BLOCKS = YES;
				GCC_WARN_64_TO_32_BIT_CONVERSION = YES;
				GCC_WARN_ABOUT_RETURN_TYPE = YES_ERROR;
				GCC_WARN_UNDECLARED_SELECTOR = YES;
				GCC_WARN_UNINITIALIZED_AUTOS = YES_AGGRESSIVE;
				GCC_WARN_UNUSED_FUNCTION = YES;
				GCC_WARN_UNUSED_VARIABLE = YES;
				IPHONEOS_DEPLOYMENT_TARGET = 9.2;
				MTL_ENABLE_DEBUG_INFO = NO;
				SDKROOT = iphoneos;
				VALIDATE_PRODUCT = YES;
			};
			name = Release;
		};
		728FB5271C5F0422001978B6 /* Debug */ = {
			isa = XCBuildConfiguration;
			buildSettings = {
				ASSETCATALOG_COMPILER_APPICON_NAME = AppIcon;
				CODE_SIGN_IDENTITY = "iPhone Developer";
				"CODE_SIGN_IDENTITY[sdk=iphoneos*]" = "iPhone Developer";
				INFOPLIST_FILE = "Github Test Coursera 01/Info.plist";
				LD_RUNPATH_SEARCH_PATHS = "$(inherited) @executable_path/Frameworks";
				PRODUCT_BUNDLE_IDENTIFIER = "Fe.Github-Test-Coursera-01";
				PRODUCT_NAME = "$(TARGET_NAME)";
				PROVISIONING_PROFILE = "";
			};
			name = Debug;
		};
		728FB5281C5F0422001978B6 /* Release */ = {
			isa = XCBuildConfiguration;
			buildSettings = {
				ASSETCATALOG_COMPILER_APPICON_NAME = AppIcon;
				CODE_SIGN_IDENTITY = "iPhone Developer";
				"CODE_SIGN_IDENTITY[sdk=iphoneos*]" = "iPhone Developer";
				INFOPLIST_FILE = "Github Test Coursera 01/Info.plist";
				LD_RUNPATH_SEARCH_PATHS = "$(inherited) @executable_path/Frameworks";
				PRODUCT_BUNDLE_IDENTIFIER = "Fe.Github-Test-Coursera-01";
				PRODUCT_NAME = "$(TARGET_NAME)";
				PROVISIONING_PROFILE = "";
			};
			name = Release;
		};
		728FB52A1C5F0422001978B6 /* Debug */ = {
			isa = XCBuildConfiguration;
			buildSettings = {
				BUNDLE_LOADER = "$(TEST_HOST)";
				INFOPLIST_FILE = "Github Test Coursera 01Tests/Info.plist";
				LD_RUNPATH_SEARCH_PATHS = "$(inherited) @executable_path/Frameworks @loader_path/Frameworks";
				PRODUCT_BUNDLE_IDENTIFIER = "Fe.Github-Test-Coursera-01Tests";
				PRODUCT_NAME = "$(TARGET_NAME)";
				TEST_HOST = "$(BUILT_PRODUCTS_DIR)/Github Test Coursera 01.app/Github Test Coursera 01";
			};
			name = Debug;
		};
		728FB52B1C5F0422001978B6 /* Release */ = {
			isa = XCBuildConfiguration;
			buildSettings = {
				BUNDLE_LOADER = "$(TEST_HOST)";
				INFOPLIST_FILE = "Github Test Coursera 01Tests/Info.plist";
				LD_RUNPATH_SEARCH_PATHS = "$(inherited) @executable_path/Frameworks @loader_path/Frameworks";
				PRODUCT_BUNDLE_IDENTIFIER = "Fe.Github-Test-Coursera-01Tests";
				PRODUCT_NAME = "$(TARGET_NAME)";
				TEST_HOST = "$(BUILT_PRODUCTS_DIR)/Github Test Coursera 01.app/Github Test Coursera 01";
			};
			name = Release;
		};
		728FB52D1C5F0422001978B6 /* Debug */ = {
			isa = XCBuildConfiguration;
			buildSettings = {
				INFOPLIST_FILE = "Github Test Coursera 01UITests/Info.plist";
				LD_RUNPATH_SEARCH_PATHS = "$(inherited) @executable_path/Frameworks @loader_path/Frameworks";
				PRODUCT_BUNDLE_IDENTIFIER = "Fe.Github-Test-Coursera-01UITests";
				PRODUCT_NAME = "$(TARGET_NAME)";
				TEST_TARGET_NAME = "Github Test Coursera 01";
				USES_XCTRUNNER = YES;
			};
			name = Debug;
		};
		728FB52E1C5F0422001978B6 /* Release */ = {
			isa = XCBuildConfiguration;
			buildSettings = {
				INFOPLIST_FILE = "Github Test Coursera 01UITests/Info.plist";
				LD_RUNPATH_SEARCH_PATHS = "$(inherited) @executable_path/Frameworks @loader_path/Frameworks";
				PRODUCT_BUNDLE_IDENTIFIER = "Fe.Github-Test-Coursera-01UITests";
				PRODUCT_NAME = "$(TARGET_NAME)";
				TEST_TARGET_NAME = "Github Test Coursera 01";
				USES_XCTRUNNER = YES;
			};
			name = Release;
		};
/* End XCBuildConfiguration section */

/* Begin XCConfigurationList section */
		728FB4F91C5F0422001978B6 /* Build configuration list for PBXProject "Github Test Coursera 01" */ = {
			isa = XCConfigurationList;
			buildConfigurations = (
				728FB5241C5F0422001978B6 /* Debug */,
				728FB5251C5F0422001978B6 /* Release */,
			);
			defaultConfigurationIsVisible = 0;
			defaultConfigurationName = Release;
		};
		728FB5261C5F0422001978B6 /* Build configuration list for PBXNativeTarget "Github Test Coursera 01" */ = {
			isa = XCConfigurationList;
			buildConfigurations = (
				728FB5271C5F0422001978B6 /* Debug */,
				728FB5281C5F0422001978B6 /* Release */,
			);
			defaultConfigurationIsVisible = 0;
		};
		728FB5291C5F0422001978B6 /* Build configuration list for PBXNativeTarget "Github Test Coursera 01Tests" */ = {
			isa = XCConfigurationList;
			buildConfigurations = (
				728FB52A1C5F0422001978B6 /* Debug */,
				728FB52B1C5F0422001978B6 /* Release */,
			);
			defaultConfigurationIsVisible = 0;
		};
		728FB52C1C5F0422001978B6 /* Build configuration list for PBXNativeTarget "Github Test Coursera 01UITests" */ = {
			isa = XCConfigurationList;
			buildConfigurations = (
				728FB52D1C5F0422001978B6 /* Debug */,
				728FB52E1C5F0422001978B6 /* Release */,
			);
			defaultConfigurationIsVisible = 0;
		};
/* End XCConfigurationList section */
	};
	rootObject = 728FB4F61C5F0422001978B6 /* Project object */;
}
